Microsoft Visual Studio Solution File, Format Version 12.00
# Visual Studio Version 16
VisualStudioVersion = 16.0.0.0
MinimumVisualStudioVersion = 16.0.0.0
Project("{9A19103F-16F7-4668-BE54-9A1E7A4F7556}") = "ssCRUDapp.Server", "Server\ssCRUDapp.Server.csproj", "{19DC41C0-887A-4EDE-994B-64B8F40C8FA0}"
EndProject
Project("{9A19103F-16F7-4668-BE54-9A1E7A4F7556}") = "ssCRUDapp.Client", "Client\ssCRUDapp.Client.csproj", "{F6EE0601-7FC4-4141-985B-F0ACADF514A4}"
EndProject
Project("{9A19103F-16F7-4668-BE54-9A1E7A4F7556}") = "ssCRUDapp.Shared", "Shared\ssCRUDapp.Shared.csproj", "{6E88346B-F586-4152-BE49-C569919F56F1}"
EndProject
Global
	GlobalSection(SolutionConfigurationPlatforms) = preSolution
		Debug|Any CPU = Debug|Any CPU
		Debug|x64 = Debug|x64
		Debug|x86 = Debug|x86
		Release|Any CPU = Release|Any CPU
		Release|x64 = Release|x64
		Release|x86 = Release|x86
	EndGlobalSection
	GlobalSection(ProjectConfigurationPlatforms) = postSolution
		{F6EE0601-7FC4-4141-985B-F0ACADF514A4}.Debug|Any CPU.ActiveCfg = Debug|Any CPU
		{F6EE0601-7FC4-4141-985B-F0ACADF514A4}.Debug|Any CPU.Build.0 = Debug|Any CPU
		{F6EE0601-7FC4-4141-985B-F0ACADF514A4}.Debug|x64.ActiveCfg = Debug|Any CPU
		{F6EE0601-7FC4-4141-985B-F0ACADF514A4}.Debug|x64.Build.0 = Debug|Any CPU
		{F6EE0601-7FC4-4141-985B-F0ACADF514A4}.Debug|x86.ActiveCfg = Debug|Any CPU
		{F6EE0601-7FC4-4141-985B-F0ACADF514A4}.Debug|x86.Build.0 = Debug|Any CPU
		{F6EE0601-7FC4-4141-985B-F0ACADF514A4}.Release|Any CPU.ActiveCfg = Release|Any CPU
		{F6EE0601-7FC4-4141-985B-F0ACADF514A4}.Release|Any CPU.Build.0 = Release|Any CPU
		{F6EE0601-7FC4-4141-985B-F0ACADF514A4}.Release|x64.ActiveCfg = Release|Any CPU
		{F6EE0601-7FC4-4141-985B-F0ACADF514A4}.Release|x64.Build.0 = Release|Any CPU
		{F6EE0601-7FC4-4141-985B-F0ACADF514A4}.Release|x86.ActiveCfg = Release|Any CPU
		{F6EE0601-7FC4-4141-985B-F0ACADF514A4}.Release|x86.Build.0 = Release|Any CPU
		{19DC41C0-887A-4EDE-994B-64B8F40C8FA0}.Debug|Any CPU.ActiveCfg = Debug|Any CPU
		{19DC41C0-887A-4EDE-994B-64B8F40C8FA0}.Debug|Any CPU.Build.0 = Debug|Any CPU
		{19DC41C0-887A-4EDE-994B-64B8F40C8FA0}.Debug|x64.ActiveCfg = Debug|Any CPU
		{19DC41C0-887A-4EDE-994B-64B8F40C8FA0}.Debug|x64.Build.0 = Debug|Any CPU
		{19DC41C0-887A-4EDE-994B-64B8F40C8FA0}.Debug|x86.ActiveCfg = Debug|Any CPU
		{19DC41C0-887A-4EDE-994B-64B8F40C8FA0}.Debug|x86.Build.0 = Debug|Any CPU
		{19DC41C0-887A-4EDE-994B-64B8F40C8FA0}.Release|Any CPU.ActiveCfg = Release|Any CPU
		{19DC41C0-887A-4EDE-994B-64B8F40C8FA0}.Release|Any CPU.Build.0 = Release|Any CPU
		{19DC41C0-887A-4EDE-994B-64B8F40C8FA0}.Release|x64.ActiveCfg = Release|Any CPU
		{19DC41C0-887A-4EDE-994B-64B8F40C8FA0}.Release|x64.Build.0 = Release|Any CPU
		{19DC41C0-887A-4EDE-994B-64B8F40C8FA0}.Release|x86.ActiveCfg = Release|Any CPU
		{19DC41C0-887A-4EDE-994B-64B8F40C8FA0}.Release|x86.Build.0 = Release|Any CPU
		{6E88346B-F586-4152-BE49-C569919F56F1}.Debug|Any CPU.ActiveCfg = Debug|Any CPU
		{6E88346B-F586-4152-BE49-C569919F56F1}.Debug|Any CPU.Build.0 = Debug|Any CPU
		{6E88346B-F586-4152-BE49-C569919F56F1}.Debug|x64.ActiveCfg = Debug|Any CPU
		{6E88346B-F586-4152-BE49-C569919F56F1}.Debug|x64.Build.0 = Debug|Any CPU
		{6E88346B-F586-4152-BE49-C569919F56F1}.Debug|x86.ActiveCfg = Debug|Any CPU
		{6E88346B-F586-4152-BE49-C569919F56F1}.Debug|x86.Build.0 = Debug|Any CPU
		{6E88346B-F586-4152-BE49-C569919F56F1}.Release|Any CPU.ActiveCfg = Release|Any CPU
		{6E88346B-F586-4152-BE49-C569919F56F1}.Release|Any CPU.Build.0 = Release|Any CPU
		{6E88346B-F586-4152-BE49-C569919F56F1}.Release|x64.ActiveCfg = Release|Any CPU
		{6E88346B-F586-4152-BE49-C569919F56F1}.Release|x64.Build.0 = Release|Any CPU
		{6E88346B-F586-4152-BE49-C569919F56F1}.Release|x86.ActiveCfg = Release|Any CPU
		{6E88346B-F586-4152-BE49-C569919F56F1}.Release|x86.Build.0 = Release|Any CPU
	EndGlobalSection
	GlobalSection(SolutionProperties) = preSolution
		HideSolutionNode = FALSE
	EndGlobalSection
	GlobalSection(ExtensibilityGlobals) = postSolution
		SolutionGuid = {15A69327-EFF3-41B2-B4E4-12B5C314C5E5}
	EndGlobalSection
EndGlobal